// !$*UTF8*$!
{
	archiveVersion = 1;
	classes = {
	};
	objectVersion = 46;
	objects = {

/* Begin PBXBuildFile section */
		1640B0801DB92CDA009A5977 /* TextField.swift in Sources */ = {isa = PBXBuildFile; fileRef = 1640B07F1DB92CDA009A5977 /* TextField.swift */; };
		1640B0821DB92D82009A5977 /* MaterialButton.swift in Sources */ = {isa = PBXBuildFile; fileRef = 1640B0811DB92D82009A5977 /* MaterialButton.swift */; };
		1640B0851DB93085009A5977 /* MaterialView.swift in Sources */ = {isa = PBXBuildFile; fileRef = 1640B0841DB93085009A5977 /* MaterialView.swift */; };
		1640B0871DB933A1009A5977 /* BottomView.swift in Sources */ = {isa = PBXBuildFile; fileRef = 1640B0861DB933A1009A5977 /* BottomView.swift */; };
		1651671F1DB7EC0C00EF1574 /* GoogleService-Info.plist in Resources */ = {isa = PBXBuildFile; fileRef = 1651671E1DB7EC0C00EF1574 /* GoogleService-Info.plist */; };
		167068991DB7E8B700F6AB06 /* AppDelegate.swift in Sources */ = {isa = PBXBuildFile; fileRef = 167068981DB7E8B700F6AB06 /* AppDelegate.swift */; };
		1670689B1DB7E8B700F6AB06 /* LoginVC.swift in Sources */ = {isa = PBXBuildFile; fileRef = 1670689A1DB7E8B700F6AB06 /* LoginVC.swift */; };
		167068A11DB7E8B700F6AB06 /* List_.xcdatamodeld in Sources */ = {isa = PBXBuildFile; fileRef = 1670689F1DB7E8B700F6AB06 /* List_.xcdatamodeld */; };
		167068A31DB7E8B700F6AB06 /* Assets.xcassets in Resources */ = {isa = PBXBuildFile; fileRef = 167068A21DB7E8B700F6AB06 /* Assets.xcassets */; };
		167068A61DB7E8B700F6AB06 /* LaunchScreen.storyboard in Resources */ = {isa = PBXBuildFile; fileRef = 167068A41DB7E8B700F6AB06 /* LaunchScreen.storyboard */; };
		167068AE1DB7E9AD00F6AB06 /* MainScreenVC.swift in Sources */ = {isa = PBXBuildFile; fileRef = 167068AD1DB7E9AD00F6AB06 /* MainScreenVC.swift */; };
		167068B01DB7E9F700F6AB06 /* GroupListVC.swift in Sources */ = {isa = PBXBuildFile; fileRef = 167068AF1DB7E9F700F6AB06 /* GroupListVC.swift */; };
		167068B21DB7EA0E00F6AB06 /* PrivateListVC.swift in Sources */ = {isa = PBXBuildFile; fileRef = 167068B11DB7EA0E00F6AB06 /* PrivateListVC.swift */; };
		167068B41DB7EA2000F6AB06 /* Constants.swift in Sources */ = {isa = PBXBuildFile; fileRef = 167068B31DB7EA2000F6AB06 /* Constants.swift */; };
		167068B61DB7EA3700F6AB06 /* DataService.swift in Sources */ = {isa = PBXBuildFile; fileRef = 167068B51DB7EA3700F6AB06 /* DataService.swift */; };
		B8715E608893CCC80197752A /* Pods_List_.framework in Frameworks */ = {isa = PBXBuildFile; fileRef = FDB2CFA804C923A2A04EAF50 /* Pods_List_.framework */; };
		C202AE0B1DFECAC6009200A5 /* SettingsVC.swift in Sources */ = {isa = PBXBuildFile; fileRef = C202AE0A1DFECAC6009200A5 /* SettingsVC.swift */; };
		C221BFC01DC0E3D3006B4AF8 /* SearchCell.swift in Sources */ = {isa = PBXBuildFile; fileRef = C221BFBF1DC0E3D3006B4AF8 /* SearchCell.swift */; };
		C221BFC21DC0E5CB006B4AF8 /* SearchVC.swift in Sources */ = {isa = PBXBuildFile; fileRef = C221BFC11DC0E5CB006B4AF8 /* SearchVC.swift */; };
		C27983E31DD0DA51006CBB93 /* EditVC.swift in Sources */ = {isa = PBXBuildFile; fileRef = C27983E21DD0DA51006CBB93 /* EditVC.swift */; };
		C27983E51DD0DD48006CBB93 /* Main.storyboard in Resources */ = {isa = PBXBuildFile; fileRef = C27983E41DD0DD48006CBB93 /* Main.storyboard */; };
		C27983E71DD0F1AF006CBB93 /* PrivateEditVC.swift in Sources */ = {isa = PBXBuildFile; fileRef = C27983E61DD0F1AF006CBB93 /* PrivateEditVC.swift */; };
		C27BBA3D1DFACC5200B4EEA9 /* groupSetupVC.swift in Sources */ = {isa = PBXBuildFile; fileRef = C27BBA3C1DFACC5200B4EEA9 /* groupSetupVC.swift */; };
		C2A31A921DBA211700DB99B0 /* PostCell.swift in Sources */ = {isa = PBXBuildFile; fileRef = C2A31A911DBA211700DB99B0 /* PostCell.swift */; };
		C2C55A3B1E0B002F0040ECD7 /* FrontView.swift in Sources */ = {isa = PBXBuildFile; fileRef = C2C55A3A1E0B002F0040ECD7 /* FrontView.swift */; };
		C2FA5C331DCB88CE0029596B /* privateCell.swift in Sources */ = {isa = PBXBuildFile; fileRef = C2FA5C321DCB88CE0029596B /* privateCell.swift */; };
		C2FF90151DB91D150058E56C /* post.swift in Sources */ = {isa = PBXBuildFile; fileRef = C2FF90141DB91D150058E56C /* post.swift */; };
/* End PBXBuildFile section */

/* Begin PBXFileReference section */
		1640B07F1DB92CDA009A5977 /* TextField.swift */ = {isa = PBXFileReference; fileEncoding = 4; lastKnownFileType = sourcecode.swift; path = TextField.swift; sourceTree = "<group>"; };
		1640B0811DB92D82009A5977 /* MaterialButton.swift */ = {isa = PBXFileReference; fileEncoding = 4; lastKnownFileType = sourcecode.swift; path = MaterialButton.swift; sourceTree = "<group>"; };
		1640B0831DB92F90009A5977 /* clean up your mess.ttf */ = {isa = PBXFileReference; lastKnownFileType = file; path = "clean up your mess.ttf"; sourceTree = "<group>"; };
		1640B0841DB93085009A5977 /* MaterialView.swift */ = {isa = PBXFileReference; fileEncoding = 4; lastKnownFileType = sourcecode.swift; path = MaterialView.swift; sourceTree = "<group>"; };
		1640B0861DB933A1009A5977 /* BottomView.swift */ = {isa = PBXFileReference; fileEncoding = 4; lastKnownFileType = sourcecode.swift; path = BottomView.swift; sourceTree = "<group>"; };
		1651671E1DB7EC0C00EF1574 /* GoogleService-Info.plist */ = {isa = PBXFileReference; fileEncoding = 4; lastKnownFileType = text.plist.xml; path = "GoogleService-Info.plist"; sourceTree = "<group>"; };
		167068951DB7E8B700F6AB06 /* List!.app */ = {isa = PBXFileReference; explicitFileType = wrapper.application; includeInIndex = 0; path = "List!.app"; sourceTree = BUILT_PRODUCTS_DIR; };
		167068981DB7E8B700F6AB06 /* AppDelegate.swift */ = {isa = PBXFileReference; lastKnownFileType = sourcecode.swift; path = AppDelegate.swift; sourceTree = "<group>"; };
		1670689A1DB7E8B700F6AB06 /* LoginVC.swift */ = {isa = PBXFileReference; lastKnownFileType = sourcecode.swift; path = LoginVC.swift; sourceTree = "<group>"; };
		167068A01DB7E8B700F6AB06 /* List_.xcdatamodel */ = {isa = PBXFileReference; lastKnownFileType = wrapper.xcdatamodel; path = List_.xcdatamodel; sourceTree = "<group>"; };
		167068A21DB7E8B700F6AB06 /* Assets.xcassets */ = {isa = PBXFileReference; lastKnownFileType = folder.assetcatalog; path = Assets.xcassets; sourceTree = "<group>"; };
		167068A51DB7E8B700F6AB06 /* Base */ = {isa = PBXFileReference; lastKnownFileType = file.storyboard; name = Base; path = Base.lproj/LaunchScreen.storyboard; sourceTree = "<group>"; };
		167068A71DB7E8B700F6AB06 /* Info.plist */ = {isa = PBXFileReference; lastKnownFileType = text.plist.xml; path = Info.plist; sourceTree = "<group>"; };
		167068AD1DB7E9AD00F6AB06 /* MainScreenVC.swift */ = {isa = PBXFileReference; fileEncoding = 4; lastKnownFileType = sourcecode.swift; path = MainScreenVC.swift; sourceTree = "<group>"; };
		167068AF1DB7E9F700F6AB06 /* GroupListVC.swift */ = {isa = PBXFileReference; fileEncoding = 4; lastKnownFileType = sourcecode.swift; path = GroupListVC.swift; sourceTree = "<group>"; };
		167068B11DB7EA0E00F6AB06 /* PrivateListVC.swift */ = {isa = PBXFileReference; fileEncoding = 4; lastKnownFileType = sourcecode.swift; path = PrivateListVC.swift; sourceTree = "<group>"; };
		167068B31DB7EA2000F6AB06 /* Constants.swift */ = {isa = PBXFileReference; fileEncoding = 4; lastKnownFileType = sourcecode.swift; path = Constants.swift; sourceTree = "<group>"; };
		167068B51DB7EA3700F6AB06 /* DataService.swift */ = {isa = PBXFileReference; fileEncoding = 4; lastKnownFileType = sourcecode.swift; path = DataService.swift; sourceTree = "<group>"; };
		4DE940451C8E4B4281D048CC /* Pods-List!.release.xcconfig */ = {isa = PBXFileReference; includeInIndex = 1; lastKnownFileType = text.xcconfig; name = "Pods-List!.release.xcconfig"; path = "Pods/Target Support Files/Pods-List!/Pods-List!.release.xcconfig"; sourceTree = "<group>"; };
		750C618953B336A0F455BDD6 /* Pods-List!.debug.xcconfig */ = {isa = PBXFileReference; includeInIndex = 1; lastKnownFileType = text.xcconfig; name = "Pods-List!.debug.xcconfig"; path = "Pods/Target Support Files/Pods-List!/Pods-List!.debug.xcconfig"; sourceTree = "<group>"; };
		C202AE0A1DFECAC6009200A5 /* SettingsVC.swift */ = {isa = PBXFileReference; fileEncoding = 4; lastKnownFileType = sourcecode.swift; path = SettingsVC.swift; sourceTree = "<group>"; };
		C221BFBF1DC0E3D3006B4AF8 /* SearchCell.swift */ = {isa = PBXFileReference; fileEncoding = 4; lastKnownFileType = sourcecode.swift; path = SearchCell.swift; sourceTree = "<group>"; };
		C221BFC11DC0E5CB006B4AF8 /* SearchVC.swift */ = {isa = PBXFileReference; fileEncoding = 4; lastKnownFileType = sourcecode.swift; path = SearchVC.swift; sourceTree = "<group>"; };
		C27983E21DD0DA51006CBB93 /* EditVC.swift */ = {isa = PBXFileReference; fileEncoding = 4; lastKnownFileType = sourcecode.swift; path = EditVC.swift; sourceTree = "<group>"; };
		C27983E41DD0DD48006CBB93 /* Main.storyboard */ = {isa = PBXFileReference; fileEncoding = 4; lastKnownFileType = file.storyboard; path = Main.storyboard; sourceTree = "<group>"; };
		C27983E61DD0F1AF006CBB93 /* PrivateEditVC.swift */ = {isa = PBXFileReference; fileEncoding = 4; lastKnownFileType = sourcecode.swift; path = PrivateEditVC.swift; sourceTree = "<group>"; };
		C27BBA3C1DFACC5200B4EEA9 /* groupSetupVC.swift */ = {isa = PBXFileReference; fileEncoding = 4; lastKnownFileType = sourcecode.swift; path = groupSetupVC.swift; sourceTree = "<group>"; };
		C2A31A901DBA0AD500DB99B0 /* List!.entitlements */ = {isa = PBXFileReference; lastKnownFileType = text.plist.entitlements; path = "List!.entitlements"; sourceTree = "<group>"; };
		C2A31A911DBA211700DB99B0 /* PostCell.swift */ = {isa = PBXFileReference; fileEncoding = 4; lastKnownFileType = sourcecode.swift; path = PostCell.swift; sourceTree = "<group>"; };
		C2C55A3A1E0B002F0040ECD7 /* FrontView.swift */ = {isa = PBXFileReference; fileEncoding = 4; lastKnownFileType = sourcecode.swift; path = FrontView.swift; sourceTree = "<group>"; };
		C2FA5C321DCB88CE0029596B /* privateCell.swift */ = {isa = PBXFileReference; fileEncoding = 4; lastKnownFileType = sourcecode.swift; path = privateCell.swift; sourceTree = "<group>"; };
		C2FF90141DB91D150058E56C /* post.swift */ = {isa = PBXFileReference; fileEncoding = 4; lastKnownFileType = sourcecode.swift; path = post.swift; sourceTree = "<group>"; };
		FDB2CFA804C923A2A04EAF50 /* Pods_List_.framework */ = {isa = PBXFileReference; explicitFileType = wrapper.framework; includeInIndex = 0; path = Pods_List_.framework; sourceTree = BUILT_PRODUCTS_DIR; };
/* End PBXFileReference section */

/* Begin PBXFrameworksBuildPhase section */
		167068921DB7E8B700F6AB06 /* Frameworks */ = {
			isa = PBXFrameworksBuildPhase;
			buildActionMask = 2147483647;
			files = (
				B8715E608893CCC80197752A /* Pods_List_.framework in Frameworks */,
			);
			runOnlyForDeploymentPostprocessing = 0;
		};
/* End PBXFrameworksBuildPhase section */

/* Begin PBXGroup section */
		1670688C1DB7E8B700F6AB06 = {
			isa = PBXGroup;
			children = (
				167068971DB7E8B700F6AB06 /* List! */,
				167068961DB7E8B700F6AB06 /* Products */,
				C9CD5AAD74425D2CEBE66BF1 /* Pods */,
				FE743BCF00DC71EE6ED01A9C /* Frameworks */,
			);
			sourceTree = "<group>";
		};
		167068961DB7E8B700F6AB06 /* Products */ = {
			isa = PBXGroup;
			children = (
				167068951DB7E8B700F6AB06 /* List!.app */,
			);
			name = Products;
			sourceTree = "<group>";
		};
		167068971DB7E8B700F6AB06 /* List! */ = {
			isa = PBXGroup;
			children = (
				C2A31A901DBA0AD500DB99B0 /* List!.entitlements */,
				1640B0831DB92F90009A5977 /* clean up your mess.ttf */,
				167068B71DB7EA5300F6AB06 /* Views */,
				167068981DB7E8B700F6AB06 /* AppDelegate.swift */,
				167068A21DB7E8B700F6AB06 /* Assets.xcassets */,
				167068A41DB7E8B700F6AB06 /* LaunchScreen.storyboard */,
				C27983E41DD0DD48006CBB93 /* Main.storyboard */,
				167068A71DB7E8B700F6AB06 /* Info.plist */,
				1670689F1DB7E8B700F6AB06 /* List_.xcdatamodeld */,
				167068B31DB7EA2000F6AB06 /* Constants.swift */,
				167068B51DB7EA3700F6AB06 /* DataService.swift */,
				C2FF90141DB91D150058E56C /* post.swift */,
				1651671E1DB7EC0C00EF1574 /* GoogleService-Info.plist */,
				1640B07F1DB92CDA009A5977 /* TextField.swift */,
				C2C55A3A1E0B002F0040ECD7 /* FrontView.swift */,
				1640B0811DB92D82009A5977 /* MaterialButton.swift */,
				1640B0841DB93085009A5977 /* MaterialView.swift */,
				1640B0861DB933A1009A5977 /* BottomView.swift */,
			);
			path = "List!";
			sourceTree = "<group>";
		};
		167068B71DB7EA5300F6AB06 /* Views */ = {
			isa = PBXGroup;
			children = (
				167068AF1DB7E9F700F6AB06 /* GroupListVC.swift */,
				C221BFC11DC0E5CB006B4AF8 /* SearchVC.swift */,
				167068B11DB7EA0E00F6AB06 /* PrivateListVC.swift */,
				C27983E61DD0F1AF006CBB93 /* PrivateEditVC.swift */,
				C27983E21DD0DA51006CBB93 /* EditVC.swift */,
				167068AD1DB7E9AD00F6AB06 /* MainScreenVC.swift */,
				1670689A1DB7E8B700F6AB06 /* LoginVC.swift */,
				C2A31A911DBA211700DB99B0 /* PostCell.swift */,
				C221BFBF1DC0E3D3006B4AF8 /* SearchCell.swift */,
				C2FA5C321DCB88CE0029596B /* privateCell.swift */,
				C27BBA3C1DFACC5200B4EEA9 /* groupSetupVC.swift */,
				C202AE0A1DFECAC6009200A5 /* SettingsVC.swift */,
			);
			name = Views;
			sourceTree = "<group>";
		};
		C9CD5AAD74425D2CEBE66BF1 /* Pods */ = {
			isa = PBXGroup;
			children = (
				750C618953B336A0F455BDD6 /* Pods-List!.debug.xcconfig */,
				4DE940451C8E4B4281D048CC /* Pods-List!.release.xcconfig */,
			);
			name = Pods;
			sourceTree = "<group>";
		};
		FE743BCF00DC71EE6ED01A9C /* Frameworks */ = {
			isa = PBXGroup;
			children = (
				FDB2CFA804C923A2A04EAF50 /* Pods_List_.framework */,
			);
			name = Frameworks;
			sourceTree = "<group>";
		};
/* End PBXGroup section */

/* Begin PBXNativeTarget section */
		167068941DB7E8B700F6AB06 /* List! */ = {
			isa = PBXNativeTarget;
			buildConfigurationList = 167068AA1DB7E8B700F6AB06 /* Build configuration list for PBXNativeTarget "List!" */;
			buildPhases = (
				E54467BF3AAE988D40178044 /* [CP] Check Pods Manifest.lock */,
				167068911DB7E8B700F6AB06 /* Sources */,
				167068921DB7E8B700F6AB06 /* Frameworks */,
				167068931DB7E8B700F6AB06 /* Resources */,
				EFCAF105D17FA8A7DD4E7631 /* [CP] Embed Pods Frameworks */,
				B0D5FEA0B5E48003F2384F97 /* [CP] Copy Pods Resources */,
			);
			buildRules = (
			);
			dependencies = (
			);
			name = "List!";
			productName = "List!";
			productReference = 167068951DB7E8B700F6AB06 /* List!.app */;
			productType = "com.apple.product-type.application";
		};
/* End PBXNativeTarget section */

/* Begin PBXProject section */
		1670688D1DB7E8B700F6AB06 /* Project object */ = {
			isa = PBXProject;
			attributes = {
				LastSwiftUpdateCheck = 0800;
				LastUpgradeCheck = 0820;
				ORGANIZATIONNAME = "Allan Wallace";
				TargetAttributes = {
					167068941DB7E8B700F6AB06 = {
						CreatedOnToolsVersion = 8.0;
						DevelopmentTeam = MNM3C2L7P4;
						ProvisioningStyle = Automatic;
						SystemCapabilities = {
							com.apple.Keychain = {
								enabled = 1;
							};
							com.apple.Push = {
								enabled = 1;
							};
							com.apple.Siri = {
								enabled = 1;
							};
						};
					};
				};
			};
			buildConfigurationList = 167068901DB7E8B700F6AB06 /* Build configuration list for PBXProject "List!" */;
			compatibilityVersion = "Xcode 3.2";
			developmentRegion = English;
			hasScannedForEncodings = 0;
			knownRegions = (
				en,
				Base,
			);
			mainGroup = 1670688C1DB7E8B700F6AB06;
			productRefGroup = 167068961DB7E8B700F6AB06 /* Products */;
			projectDirPath = "";
			projectRoot = "";
			targets = (
				167068941DB7E8B700F6AB06 /* List! */,
			);
		};
/* End PBXProject section */

/* Begin PBXResourcesBuildPhase section */
		167068931DB7E8B700F6AB06 /* Resources */ = {
			isa = PBXResourcesBuildPhase;
			buildActionMask = 2147483647;
			files = (
				167068A61DB7E8B700F6AB06 /* LaunchScreen.storyboard in Resources */,
				1651671F1DB7EC0C00EF1574 /* GoogleService-Info.plist in Resources */,
				167068A31DB7E8B700F6AB06 /* Assets.xcassets in Resources */,
				C27983E51DD0DD48006CBB93 /* Main.storyboard in Resources */,
			);
			runOnlyForDeploymentPostprocessing = 0;
		};
/* End PBXResourcesBuildPhase section */

/* Begin PBXShellScriptBuildPhase section */
		B0D5FEA0B5E48003F2384F97 /* [CP] Copy Pods Resources */ = {
			isa = PBXShellScriptBuildPhase;
			buildActionMask = 2147483647;
			files = (
			);
			inputPaths = (
			);
			name = "[CP] Copy Pods Resources";
			outputPaths = (
			);
			runOnlyForDeploymentPostprocessing = 0;
			shellPath = /bin/sh;
			shellScript = "\"${SRCROOT}/Pods/Target Support Files/Pods-List!/Pods-List!-resources.sh\"\n";
			showEnvVarsInLog = 0;
		};
		E54467BF3AAE988D40178044 /* [CP] Check Pods Manifest.lock */ = {
			isa = PBXShellScriptBuildPhase;
			buildActionMask = 2147483647;
			files = (
			);
			inputPaths = (
			);
			name = "[CP] Check Pods Manifest.lock";
			outputPaths = (
			);
			runOnlyForDeploymentPostprocessing = 0;
			shellPath = /bin/sh;
			shellScript = "diff \"${PODS_ROOT}/../Podfile.lock\" \"${PODS_ROOT}/Manifest.lock\" > /dev/null\nif [ $? != 0 ] ; then\n    # print error to STDERR\n    echo \"error: The sandbox is not in sync with the Podfile.lock. Run 'pod install' or update your CocoaPods installation.\" >&2\n    exit 1\nfi\n";
			showEnvVarsInLog = 0;
		};
		EFCAF105D17FA8A7DD4E7631 /* [CP] Embed Pods Frameworks */ = {
			isa = PBXShellScriptBuildPhase;
			buildActionMask = 2147483647;
			files = (
			);
			inputPaths = (
			);
			name = "[CP] Embed Pods Frameworks";
			outputPaths = (
			);
			runOnlyForDeploymentPostprocessing = 0;
			shellPath = /bin/sh;
			shellScript = "\"${SRCROOT}/Pods/Target Support Files/Pods-List!/Pods-List!-frameworks.sh\"\n";
			showEnvVarsInLog = 0;
		};
/* End PBXShellScriptBuildPhase section */

/* Begin PBXSourcesBuildPhase section */
		167068911DB7E8B700F6AB06 /* Sources */ = {
			isa = PBXSourcesBuildPhase;
			buildActionMask = 2147483647;
			files = (
				C27BBA3D1DFACC5200B4EEA9 /* groupSetupVC.swift in Sources */,
				167068B21DB7EA0E00F6AB06 /* PrivateListVC.swift in Sources */,
				C221BFC01DC0E3D3006B4AF8 /* SearchCell.swift in Sources */,
				C2FA5C331DCB88CE0029596B /* privateCell.swift in Sources */,
				C2C55A3B1E0B002F0040ECD7 /* FrontView.swift in Sources */,
				1670689B1DB7E8B700F6AB06 /* LoginVC.swift in Sources */,
				167068991DB7E8B700F6AB06 /* AppDelegate.swift in Sources */,
				1640B0851DB93085009A5977 /* MaterialView.swift in Sources */,
				1640B0801DB92CDA009A5977 /* TextField.swift in Sources */,
				1640B0871DB933A1009A5977 /* BottomView.swift in Sources */,
				167068A11DB7E8B700F6AB06 /* List_.xcdatamodeld in Sources */,
				C221BFC21DC0E5CB006B4AF8 /* SearchVC.swift in Sources */,
				C27983E71DD0F1AF006CBB93 /* PrivateEditVC.swift in Sources */,
				C27983E31DD0DA51006CBB93 /* EditVC.swift in Sources */,
				1640B0821DB92D82009A5977 /* MaterialButton.swift in Sources */,
				C2A31A921DBA211700DB99B0 /* PostCell.swift in Sources */,
				167068B41DB7EA2000F6AB06 /* Constants.swift in Sources */,
				167068AE1DB7E9AD00F6AB06 /* MainScreenVC.swift in Sources */,
				C2FF90151DB91D150058E56C /* post.swift in Sources */,
				167068B01DB7E9F700F6AB06 /* GroupListVC.swift in Sources */,
				167068B61DB7EA3700F6AB06 /* DataService.swift in Sources */,
				C202AE0B1DFECAC6009200A5 /* SettingsVC.swift in Sources */,
			);
			runOnlyForDeploymentPostprocessing = 0;
		};
/* End PBXSourcesBuildPhase section */

/* Begin PBXVariantGroup section */
		167068A41DB7E8B700F6AB06 /* LaunchScreen.storyboard */ = {
			isa = PBXVariantGroup;
			children = (
				167068A51DB7E8B700F6AB06 /* Base */,
			);
			name = LaunchScreen.storyboard;
			sourceTree = "<group>";
		};
/* End PBXVariantGroup section */

/* Begin XCBuildConfiguration section */
		167068A81DB7E8B700F6AB06 /* Debug */ = {
			isa = XCBuildConfiguration;
			buildSettings = {
				ALWAYS_SEARCH_USER_PATHS = NO;
				CLANG_ANALYZER_NONNULL = YES;
				CLANG_CXX_LANGUAGE_STANDARD = "gnu++0x";
				CLANG_CXX_LIBRARY = "libc++";
				CLANG_ENABLE_MODULES = YES;
				CLANG_ENABLE_OBJC_ARC = YES;
				CLANG_WARN_BOOL_CONVERSION = YES;
				CLANG_WARN_CONSTANT_CONVERSION = YES;
				CLANG_WARN_DIRECT_OBJC_ISA_USAGE = YES_ERROR;
				CLANG_WARN_DOCUMENTATION_COMMENTS = YES;
				CLANG_WARN_EMPTY_BODY = YES;
				CLANG_WARN_ENUM_CONVERSION = YES;
				CLANG_WARN_INFINITE_RECURSION = YES;
				CLANG_WARN_INT_CONVERSION = YES;
				CLANG_WARN_OBJC_ROOT_CLASS = YES_ERROR;
				CLANG_WARN_SUSPICIOUS_MOVE = YES;
				CLANG_WARN_SUSPICIOUS_MOVES = YES;
				CLANG_WARN_UNREACHABLE_CODE = YES;
				CLANG_WARN__DUPLICATE_METHOD_MATCH = YES;
				"CODE_SIGN_IDENTITY[sdk=iphoneos*]" = "iPhone Developer";
				COPY_PHASE_STRIP = NO;
				DEBUG_INFORMATION_FORMAT = dwarf;
				ENABLE_STRICT_OBJC_MSGSEND = YES;
				ENABLE_TESTABILITY = YES;
				GCC_C_LANGUAGE_STANDARD = gnu99;
				GCC_DYNAMIC_NO_PIC = NO;
				GCC_NO_COMMON_BLOCKS = YES;
				GCC_OPTIMIZATION_LEVEL = 0;
				GCC_PREPROCESSOR_DEFINITIONS = (
					"DEBUG=1",
					"$(inherited)",
				);
				GCC_WARN_64_TO_32_BIT_CONVERSION = YES;
				GCC_WARN_ABOUT_RETURN_TYPE = YES_ERROR;
				GCC_WARN_UNDECLARED_SELECTOR = YES;
				GCC_WARN_UNINITIALIZED_AUTOS = YES_AGGRESSIVE;
				GCC_WARN_UNUSED_FUNCTION = YES;
				GCC_WARN_UNUSED_VARIABLE = YES;
				IPHONEOS_DEPLOYMENT_TARGET = 10.0;
				MTL_ENABLE_DEBUG_INFO = YES;
				ONLY_ACTIVE_ARCH = YES;
				SDKROOT = iphoneos;
				SWIFT_ACTIVE_COMPILATION_CONDITIONS = DEBUG;
				SWIFT_OPTIMIZATION_LEVEL = "-Onone";
				TARGETED_DEVICE_FAMILY = "1,2";
			};
			name = Debug;
		};
		167068A91DB7E8B700F6AB06 /* Release */ = {
			isa = XCBuildConfiguration;
			buildSettings = {
				ALWAYS_SEARCH_USER_PATHS = NO;
				CLANG_ANALYZER_NONNULL = YES;
				CLANG_CXX_LANGUAGE_STANDARD = "gnu++0x";
				CLANG_CXX_LIBRARY = "libc++";
				CLANG_ENABLE_MODULES = YES;
				CLANG_ENABLE_OBJC_ARC = YES;
				CLANG_WARN_BOOL_CONVERSION = YES;
				CLANG_WARN_CONSTANT_CONVERSION = YES;
				CLANG_WARN_DIRECT_OBJC_ISA_USAGE = YES_ERROR;
				CLANG_WARN_DOCUMENTATION_COMMENTS = YES;
				CLANG_WARN_EMPTY_BODY = YES;
				CLANG_WARN_ENUM_CONVERSION = YES;
				CLANG_WARN_INFINITE_RECURSION = YES;
				CLANG_WARN_INT_CONVERSION = YES;
				CLANG_WARN_OBJC_ROOT_CLASS = YES_ERROR;
				CLANG_WARN_SUSPICIOUS_MOVE = YES;
				CLANG_WARN_SUSPICIOUS_MOVES = YES;
				CLANG_WARN_UNREACHABLE_CODE = YES;
				CLANG_WARN__DUPLICATE_METHOD_MATCH = YES;
				"CODE_SIGN_IDENTITY[sdk=iphoneos*]" = "iPhone Developer";
				COPY_PHASE_STRIP = NO;
				DEBUG_INFORMATION_FORMAT = "dwarf-with-dsym";
				ENABLE_NS_ASSERTIONS = NO;
				ENABLE_STRICT_OBJC_MSGSEND = YES;
				GCC_C_LANGUAGE_STANDARD = gnu99;
				GCC_NO_COMMON_BLOCKS = YES;
				GCC_WARN_64_TO_32_BIT_CONVERSION = YES;
				GCC_WARN_ABOUT_RETURN_TYPE = YES_ERROR;
				GCC_WARN_UNDECLARED_SELECTOR = YES;
				GCC_WARN_UNINITIALIZED_AUTOS = YES_AGGRESSIVE;
				GCC_WARN_UNUSED_FUNCTION = YES;
				GCC_WARN_UNUSED_VARIABLE = YES;
				IPHONEOS_DEPLOYMENT_TARGET = 10.0;
				MTL_ENABLE_DEBUG_INFO = NO;
				SDKROOT = iphoneos;
				SWIFT_OPTIMIZATION_LEVEL = "-Owholemodule";
				TARGETED_DEVICE_FAMILY = "1,2";
				VALIDATE_PRODUCT = YES;
			};
			name = Release;
		};
		167068AB1DB7E8B700F6AB06 /* Debug */ = {
			isa = XCBuildConfiguration;
			baseConfigurationReference = 750C618953B336A0F455BDD6 /* Pods-List!.debug.xcconfig */;
			buildSettings = {
				ALWAYS_EMBED_SWIFT_STANDARD_LIBRARIES = YES;
				ASSETCATALOG_COMPILER_APPICON_NAME = AppIcon;
				CODE_SIGN_ENTITLEMENTS = "List!/List!.entitlements";
				DEVELOPMENT_TEAM = MNM3C2L7P4;
				INFOPLIST_FILE = "List!/Info.plist";
				IPHONEOS_DEPLOYMENT_TARGET = 10.0;
				LD_RUNPATH_SEARCH_PATHS = "$(inherited) @executable_path/Frameworks";
				PRODUCT_BUNDLE_IDENTIFIER = "co.uk.gonetoplaid.List-";
				PRODUCT_NAME = "$(TARGET_NAME)";
				SWIFT_VERSION = 3.0;
			};
			name = Debug;
		};
		167068AC1DB7E8B700F6AB06 /* Release */ = {
			isa = XCBuildConfiguration;
			baseConfigurationReference = 4DE940451C8E4B4281D048CC /* Pods-List!.release.xcconfig */;
			buildSettings = {
				ALWAYS_EMBED_SWIFT_STANDARD_LIBRARIES = YES;
				ASSETCATALOG_COMPILER_APPICON_NAME = AppIcon;
				CODE_SIGN_ENTITLEMENTS = "List!/List!.entitlements";
				DEVELOPMENT_TEAM = MNM3C2L7P4;
				INFOPLIST_FILE = "List!/Info.plist";
				IPHONEOS_DEPLOYMENT_TARGET = 10.0;
				LD_RUNPATH_SEARCH_PATHS = "$(inherited) @executable_path/Frameworks";
				PRODUCT_BUNDLE_IDENTIFIER = "co.uk.gonetoplaid.List-";
				PRODUCT_NAME = "$(TARGET_NAME)";
				SWIFT_VERSION = 3.0;
			};
			name = Release;
		};
/* End XCBuildConfiguration section */

/* Begin XCConfigurationList section */
		167068901DB7E8B700F6AB06 /* Build configuration list for PBXProject "List!" */ = {
			isa = XCConfigurationList;
			buildConfigurations = (
				167068A81DB7E8B700F6AB06 /* Debug */,
				167068A91DB7E8B700F6AB06 /* Release */,
			);
			defaultConfigurationIsVisible = 0;
			defaultConfigurationName = Release;
		};
		167068AA1DB7E8B700F6AB06 /* Build configuration list for PBXNativeTarget "List!" */ = {
			isa = XCConfigurationList;
			buildConfigurations = (
				167068AB1DB7E8B700F6AB06 /* Debug */,
				167068AC1DB7E8B700F6AB06 /* Release */,
			);
			defaultConfigurationIsVisible = 0;
			defaultConfigurationName = Release;
		};
/* End XCConfigurationList section */

/* Begin XCVersionGroup section */
		1670689F1DB7E8B700F6AB06 /* List_.xcdatamodeld */ = {
			isa = XCVersionGroup;
			children = (
				167068A01DB7E8B700F6AB06 /* List_.xcdatamodel */,
			);
			currentVersion = 167068A01DB7E8B700F6AB06 /* List_.xcdatamodel */;
			path = List_.xcdatamodeld;
			sourceTree = "<group>";
			versionGroupType = wrapper.xcdatamodel;
		};
/* End XCVersionGroup section */
	};
	rootObject = 1670688D1DB7E8B700F6AB06 /* Project object */;
}
